
Microsoft Visual Studio Solution File, Format Version 12.00
# Visual Studio Version 16
VisualStudioVersion = 16.0.31313.79
MinimumVisualStudioVersion = 10.0.40219.1
Project("{9A19103F-16F7-4668-BE54-9A1E7A4F7556}") = "VotingPC", "VotingPC\VotingPC.csproj", "{14A994A1-1E3A-4726-8A12-64232D750681}"
EndProject
Project("{2150E333-8FDC-42A3-9474-1A3956D46DE8}") = "Solution Items", "Solution Items", "{9EC6BB37-0552-4190-A00B-EF99C7C9E80E}"
	ProjectSection(SolutionItems) = preProject
		.editorconfig = .editorconfig
		README.md = README.md
	EndProjectSection
EndProject
Project("{9A19103F-16F7-4668-BE54-9A1E7A4F7556}") = "FingerGet", "FingerGet\FingerGet.csproj", "{05E2B153-A099-4625-B98A-066959658C7A}"
EndProject
Project("{9A19103F-16F7-4668-BE54-9A1E7A4F7556}") = "VotingDatabaseMaker", "VotingDatabaseMaker\VotingDatabaseMaker.csproj", "{036F7870-A4D7-4993-AACA-2D29EF893F08}"
EndProject
Project("{9A19103F-16F7-4668-BE54-9A1E7A4F7556}") = "VoteCounter", "VoteCounter\VoteCounter.csproj", "{949F5A59-6E1B-43A0-9ED5-3F468118AB3E}"
EndProject
Project("{D954291E-2A0B-460D-934E-DC6B0785DB48}") = "SharedLibs", "SharedLibs\SharedLibs.shproj", "{855F6DAD-C7F4-4FCE-8B3D-69143DAEF2F8}"
EndProject
Project("{FAE04EC0-301F-11D3-BF4B-00C04F79EFBC}") = "VotingPCNew", "VotingPCNew\VotingPCNew.csproj", "{9B8F4AF9-A3D5-4937-81CC-24B2706638F3}"
EndProject
Global
	GlobalSection(SharedMSBuildProjectFiles) = preSolution
		SharedLibs\SharedLibs.projitems*{036f7870-a4d7-4993-aaca-2d29ef893f08}*SharedItemsImports = 5
		SharedLibs\SharedLibs.projitems*{14a994a1-1e3a-4726-8a12-64232d750681}*SharedItemsImports = 5
		SharedLibs\SharedLibs.projitems*{855f6dad-c7f4-4fce-8b3d-69143daef2f8}*SharedItemsImports = 13
		SharedLibs\SharedLibs.projitems*{949f5a59-6e1b-43a0-9ed5-3f468118ab3e}*SharedItemsImports = 5
		SharedLibs\SharedLibs.projitems*{9b8f4af9-a3d5-4937-81cc-24b2706638f3}*SharedItemsImports = 5
	EndGlobalSection
	GlobalSection(SolutionConfigurationPlatforms) = preSolution
		Debug|Any CPU = Debug|Any CPU
		Release|Any CPU = Release|Any CPU
	EndGlobalSection
	GlobalSection(ProjectConfigurationPlatforms) = postSolution
		{14A994A1-1E3A-4726-8A12-64232D750681}.Debug|Any CPU.ActiveCfg = Debug|Any CPU
		{14A994A1-1E3A-4726-8A12-64232D750681}.Debug|Any CPU.Build.0 = Debug|Any CPU
		{14A994A1-1E3A-4726-8A12-64232D750681}.Release|Any CPU.ActiveCfg = Release|Any CPU
		{14A994A1-1E3A-4726-8A12-64232D750681}.Release|Any CPU.Build.0 = Release|Any CPU
		{05E2B153-A099-4625-B98A-066959658C7A}.Debug|Any CPU.ActiveCfg = Debug|Any CPU
		{05E2B153-A099-4625-B98A-066959658C7A}.Debug|Any CPU.Build.0 = Debug|Any CPU
		{05E2B153-A099-4625-B98A-066959658C7A}.Release|Any CPU.ActiveCfg = Release|Any CPU
		{05E2B153-A099-4625-B98A-066959658C7A}.Release|Any CPU.Build.0 = Release|Any CPU
		{036F7870-A4D7-4993-AACA-2D29EF893F08}.Debug|Any CPU.ActiveCfg = Debug|Any CPU
		{036F7870-A4D7-4993-AACA-2D29EF893F08}.Debug|Any CPU.Build.0 = Debug|Any CPU
		{036F7870-A4D7-4993-AACA-2D29EF893F08}.Release|Any CPU.ActiveCfg = Release|Any CPU
		{036F7870-A4D7-4993-AACA-2D29EF893F08}.Release|Any CPU.Build.0 = Release|Any CPU
		{949F5A59-6E1B-43A0-9ED5-3F468118AB3E}.Debug|Any CPU.ActiveCfg = Debug|Any CPU
		{949F5A59-6E1B-43A0-9ED5-3F468118AB3E}.Debug|Any CPU.Build.0 = Debug|Any CPU
		{949F5A59-6E1B-43A0-9ED5-3F468118AB3E}.Release|Any CPU.ActiveCfg = Release|Any CPU
		{949F5A59-6E1B-43A0-9ED5-3F468118AB3E}.Release|Any CPU.Build.0 = Release|Any CPU
		{9B8F4AF9-A3D5-4937-81CC-24B2706638F3}.Debug|Any CPU.ActiveCfg = Debug|Any CPU
		{9B8F4AF9-A3D5-4937-81CC-24B2706638F3}.Debug|Any CPU.Build.0 = Debug|Any CPU
		{9B8F4AF9-A3D5-4937-81CC-24B2706638F3}.Release|Any CPU.ActiveCfg = Release|Any CPU
		{9B8F4AF9-A3D5-4937-81CC-24B2706638F3}.Release|Any CPU.Build.0 = Release|Any CPU
	EndGlobalSection
	GlobalSection(SolutionProperties) = preSolution
		HideSolutionNode = FALSE
	EndGlobalSection
	GlobalSection(ExtensibilityGlobals) = postSolution
		SolutionGuid = {62F8216C-7E1E-4435-B76B-DF27C0B5585B}
	EndGlobalSection
EndGlobal
